
Microsoft Visual Studio Solution File, Format Version 12.00
# Visual Studio Version 17
VisualStudioVersion = 17.12.35527.113 d17.12
MinimumVisualStudioVersion = 10.0.40219.1
Project("{FAE04EC0-301F-11D3-BF4B-00C04F79EFBC}") = "MediaBackupTool", "MediaBackupTool\MediaBackupTool.csproj", "{06B27C27-15BC-4B20-A82D-5B5AF6C2E563}"
EndProject
Project("{FAE04EC0-301F-11D3-BF4B-00C04F79EFBC}") = "MediaBackupTool.Tests", "MediaBackupTool.Tests\MediaBackupTool.Tests.csproj", "{91BAD531-4B63-4FDD-8736-3C754908FCB3}"
EndProject
Global
	GlobalSection(SolutionConfigurationPlatforms) = preSolution
		Debug|Any CPU = Debug|Any CPU
		Release|Any CPU = Release|Any CPU
	EndGlobalSection
	GlobalSection(ProjectConfigurationPlatforms) = postSolution
		{06B27C27-15BC-4B20-A82D-5B5AF6C2E563}.Debug|Any CPU.ActiveCfg = Debug|Any CPU
		{06B27C27-15BC-4B20-A82D-5B5AF6C2E563}.Debug|Any CPU.Build.0 = Debug|Any CPU
		{06B27C27-15BC-4B20-A82D-5B5AF6C2E563}.Release|Any CPU.ActiveCfg = Release|Any CPU
		{06B27C27-15BC-4B20-A82D-5B5AF6C2E563}.Release|Any CPU.Build.0 = Release|Any CPU
		{91BAD531-4B63-4FDD-8736-3C754908FCB3}.Debug|Any CPU.ActiveCfg = Debug|Any CPU
		{91BAD531-4B63-4FDD-8736-3C754908FCB3}.Debug|Any CPU.Build.0 = Debug|Any CPU
		{91BAD531-4B63-4FDD-8736-3C754908FCB3}.Release|Any CPU.ActiveCfg = Release|Any CPU
		{91BAD531-4B63-4FDD-8736-3C754908FCB3}.Release|Any CPU.Build.0 = Release|Any CPU
	EndGlobalSection
	GlobalSection(SolutionProperties) = preSolution
		HideSolutionNode = FALSE
	EndGlobalSection
EndGlobal
